// !$*UTF8*$!
{
	archiveVersion = 1;
	classes = {
	};
	objectVersion = 46;
	objects = {

/* Begin PBXBuildFile section */
		506BDAA91CABB0C700FB61BD /* AppDelegate.swift in Sources */ = {isa = PBXBuildFile; fileRef = 506BDAA81CABB0C700FB61BD /* AppDelegate.swift */; };
		506BDAAB1CABB0C700FB61BD /* ViewController.swift in Sources */ = {isa = PBXBuildFile; fileRef = 506BDAAA1CABB0C700FB61BD /* ViewController.swift */; };
		506BDAAE1CABB0C800FB61BD /* Main.storyboard in Resources */ = {isa = PBXBuildFile; fileRef = 506BDAAC1CABB0C800FB61BD /* Main.storyboard */; };
		506BDAB01CABB0C800FB61BD /* Images.xcassets in Resources */ = {isa = PBXBuildFile; fileRef = 506BDAAF1CABB0C800FB61BD /* Images.xcassets */; };
		506BDAB31CABB0C800FB61BD /* LaunchScreen.xib in Resources */ = {isa = PBXBuildFile; fileRef = 506BDAB11CABB0C800FB61BD /* LaunchScreen.xib */; };
		506BDABF1CABB0C800FB61BD /* GraphicsShadowsTests.swift in Sources */ = {isa = PBXBuildFile; fileRef = 506BDABE1CABB0C800FB61BD /* GraphicsShadowsTests.swift */; };
		506BDAC91CABB30300FB61BD /* CustomView.swift in Sources */ = {isa = PBXBuildFile; fileRef = 506BDAC81CABB30300FB61BD /* CustomView.swift */; };
/* End PBXBuildFile section */

/* Begin PBXContainerItemProxy section */
		506BDAB91CABB0C800FB61BD /* PBXContainerItemProxy */ = {
			isa = PBXContainerItemProxy;
			containerPortal = 506BDA9B1CABB0C600FB61BD /* Project object */;
			proxyType = 1;
			remoteGlobalIDString = 506BDAA21CABB0C700FB61BD;
			remoteInfo = GraphicsShadows;
		};
/* End PBXContainerItemProxy section */

/* Begin PBXFileReference section */
		506BDAA31CABB0C700FB61BD /* GraphicsShadows.app */ = {isa = PBXFileReference; explicitFileType = wrapper.application; includeInIndex = 0; path = GraphicsShadows.app; sourceTree = BUILT_PRODUCTS_DIR; };
		506BDAA71CABB0C700FB61BD /* Info.plist */ = {isa = PBXFileReference; lastKnownFileType = text.plist.xml; path = Info.plist; sourceTree = "<group>"; };
		506BDAA81CABB0C700FB61BD /* AppDelegate.swift */ = {isa = PBXFileReference; lastKnownFileType = sourcecode.swift; path = AppDelegate.swift; sourceTree = "<group>"; };
		506BDAAA1CABB0C700FB61BD /* ViewController.swift */ = {isa = PBXFileReference; lastKnownFileType = sourcecode.swift; path = ViewController.swift; sourceTree = "<group>"; };
		506BDAAD1CABB0C800FB61BD /* Base */ = {isa = PBXFileReference; lastKnownFileType = file.storyboard; name = Base; path = Base.lproj/Main.storyboard; sourceTree = "<group>"; };
		506BDAAF1CABB0C800FB61BD /* Images.xcassets */ = {isa = PBXFileReference; lastKnownFileType = folder.assetcatalog; path = Images.xcassets; sourceTree = "<group>"; };
		506BDAB21CABB0C800FB61BD /* Base */ = {isa = PBXFileReference; lastKnownFileType = file.xib; name = Base; path = Base.lproj/LaunchScreen.xib; sourceTree = "<group>"; };
		506BDAB81CABB0C800FB61BD /* GraphicsShadowsTests.xctest */ = {isa = PBXFileReference; explicitFileType = wrapper.cfbundle; includeInIndex = 0; path = GraphicsShadowsTests.xctest; sourceTree = BUILT_PRODUCTS_DIR; };
		506BDABD1CABB0C800FB61BD /* Info.plist */ = {isa = PBXFileReference; lastKnownFileType = text.plist.xml; path = Info.plist; sourceTree = "<group>"; };
		506BDABE1CABB0C800FB61BD /* GraphicsShadowsTests.swift */ = {isa = PBXFileReference; lastKnownFileType = sourcecode.swift; path = GraphicsShadowsTests.swift; sourceTree = "<group>"; };
		506BDAC81CABB30300FB61BD /* CustomView.swift */ = {isa = PBXFileReference; fileEncoding = 4; lastKnownFileType = sourcecode.swift; path = CustomView.swift; sourceTree = "<group>"; };
/* End PBXFileReference section */

/* Begin PBXFrameworksBuildPhase section */
		506BDAA01CABB0C700FB61BD /* Frameworks */ = {
			isa = PBXFrameworksBuildPhase;
			buildActionMask = 2147483647;
			files = (
			);
			runOnlyForDeploymentPostprocessing = 0;
		};
		506BDAB51CABB0C800FB61BD /* Frameworks */ = {
			isa = PBXFrameworksBuildPhase;
			buildActionMask = 2147483647;
			files = (
			);
			runOnlyForDeploymentPostprocessing = 0;
		};
/* End PBXFrameworksBuildPhase section */

/* Begin PBXGroup section */
		506BDA9A1CABB0C600FB61BD = {
			isa = PBXGroup;
			children = (
				506BDAA51CABB0C700FB61BD /* GraphicsShadows */,
				506BDABB1CABB0C800FB61BD /* GraphicsShadowsTests */,
				506BDAA41CABB0C700FB61BD /* Products */,
			);
			sourceTree = "<group>";
		};
		506BDAA41CABB0C700FB61BD /* Products */ = {
			isa = PBXGroup;
			children = (
				506BDAA31CABB0C700FB61BD /* GraphicsShadows.app */,
				506BDAB81CABB0C800FB61BD /* GraphicsShadowsTests.xctest */,
			);
			name = Products;
			sourceTree = "<group>";
		};
		506BDAA51CABB0C700FB61BD /* GraphicsShadows */ = {
			isa = PBXGroup;
			children = (
				506BDAA81CABB0C700FB61BD /* AppDelegate.swift */,
				506BDAAA1CABB0C700FB61BD /* ViewController.swift */,
				506BDAC81CABB30300FB61BD /* CustomView.swift */,
				506BDAAC1CABB0C800FB61BD /* Main.storyboard */,
				506BDAAF1CABB0C800FB61BD /* Images.xcassets */,
				506BDAB11CABB0C800FB61BD /* LaunchScreen.xib */,
				506BDAA61CABB0C700FB61BD /* Supporting Files */,
			);
			path = GraphicsShadows;
			sourceTree = "<group>";
		};
		506BDAA61CABB0C700FB61BD /* Supporting Files */ = {
			isa = PBXGroup;
			children = (
				506BDAA71CABB0C700FB61BD /* Info.plist */,
			);
			name = "Supporting Files";
			sourceTree = "<group>";
		};
		506BDABB1CABB0C800FB61BD /* GraphicsShadowsTests */ = {
			isa = PBXGroup;
			children = (
				506BDABE1CABB0C800FB61BD /* GraphicsShadowsTests.swift */,
				506BDABC1CABB0C800FB61BD /* Supporting Files */,
			);
			path = GraphicsShadowsTests;
			sourceTree = "<group>";
		};
		506BDABC1CABB0C800FB61BD /* Supporting Files */ = {
			isa = PBXGroup;
			children = (
				506BDABD1CABB0C800FB61BD /* Info.plist */,
			);
			name = "Supporting Files";
			sourceTree = "<group>";
		};
/* End PBXGroup section */

/* Begin PBXNativeTarget section */
		506BDAA21CABB0C700FB61BD /* GraphicsShadows */ = {
			isa = PBXNativeTarget;
			buildConfigurationList = 506BDAC21CABB0C800FB61BD /* Build configuration list for PBXNativeTarget "GraphicsShadows" */;
			buildPhases = (
				506BDA9F1CABB0C700FB61BD /* Sources */,
				506BDAA01CABB0C700FB61BD /* Frameworks */,
				506BDAA11CABB0C700FB61BD /* Resources */,
			);
			buildRules = (
			);
			dependencies = (
			);
			name = GraphicsShadows;
			productName = GraphicsShadows;
			productReference = 506BDAA31CABB0C700FB61BD /* GraphicsShadows.app */;
			productType = "com.apple.product-type.application";
		};
		506BDAB71CABB0C800FB61BD /* GraphicsShadowsTests */ = {
			isa = PBXNativeTarget;
			buildConfigurationList = 506BDAC51CABB0C800FB61BD /* Build configuration list for PBXNativeTarget "GraphicsShadowsTests" */;
			buildPhases = (
				506BDAB41CABB0C800FB61BD /* Sources */,
				506BDAB51CABB0C800FB61BD /* Frameworks */,
				506BDAB61CABB0C800FB61BD /* Resources */,
			);
			buildRules = (
			);
			dependencies = (
				506BDABA1CABB0C800FB61BD /* PBXTargetDependency */,
			);
			name = GraphicsShadowsTests;
			productName = GraphicsShadowsTests;
			productReference = 506BDAB81CABB0C800FB61BD /* GraphicsShadowsTests.xctest */;
			productType = "com.apple.product-type.bundle.unit-test";
		};
/* End PBXNativeTarget section */

/* Begin PBXProject section */
		506BDA9B1CABB0C600FB61BD /* Project object */ = {
			isa = PBXProject;
			attributes = {
				LastUpgradeCheck = 0610;
				ORGANIZATIONNAME = Enclave;
				TargetAttributes = {
					506BDAA21CABB0C700FB61BD = {
						CreatedOnToolsVersion = 6.1;
					};
					506BDAB71CABB0C800FB61BD = {
						CreatedOnToolsVersion = 6.1;
						TestTargetID = 506BDAA21CABB0C700FB61BD;
					};
				};
			};
			buildConfigurationList = 506BDA9E1CABB0C700FB61BD /* Build configuration list for PBXProject "GraphicsShadows" */;
			compatibilityVersion = "Xcode 3.2";
			developmentRegion = English;
			hasScannedForEncodings = 0;
			knownRegions = (
				en,
				Base,
			);
			mainGroup = 506BDA9A1CABB0C600FB61BD;
			productRefGroup = 506BDAA41CABB0C700FB61BD /* Products */;
			projectDirPath = "";
			projectRoot = "";
			targets = (
				506BDAA21CABB0C700FB61BD /* GraphicsShadows */,
				506BDAB71CABB0C800FB61BD /* GraphicsShadowsTests */,
			);
		};
/* End PBXProject section */

/* Begin PBXResourcesBuildPhase section */
		506BDAA11CABB0C700FB61BD /* Resources */ = {
			isa = PBXResourcesBuildPhase;
			buildActionMask = 2147483647;
			files = (
				506BDAAE1CABB0C800FB61BD /* Main.storyboard in Resources */,
				506BDAB31CABB0C800FB61BD /* LaunchScreen.xib in Resources */,
				506BDAB01CABB0C800FB61BD /* Images.xcassets in Resources */,
			);
			runOnlyForDeploymentPostprocessing = 0;
		};
		506BDAB61CABB0C800FB61BD /* Resources */ = {
			isa = PBXResourcesBuildPhase;
			buildActionMask = 2147483647;
			files = (
			);
			runOnlyForDeploymentPostprocessing = 0;
		};
/* End PBXResourcesBuildPhase section */

/* Begin PBXSourcesBuildPhase section */
		506BDA9F1CABB0C700FB61BD /* Sources */ = {
			isa = PBXSourcesBuildPhase;
			buildActionMask = 2147483647;
			files = (
				506BDAC91CABB30300FB61BD /* CustomView.swift in Sources */,
				506BDAAB1CABB0C700FB61BD /* ViewController.swift in Sources */,
				506BDAA91CABB0C700FB61BD /* AppDelegate.swift in Sources */,
			);
			runOnlyForDeploymentPostprocessing = 0;
		};
		506BDAB41CABB0C800FB61BD /* Sources */ = {
			isa = PBXSourcesBuildPhase;
			buildActionMask = 2147483647;
			files = (
				506BDABF1CABB0C800FB61BD /* GraphicsShadowsTests.swift in Sources */,
			);
			runOnlyForDeploymentPostprocessing = 0;
		};
/* End PBXSourcesBuildPhase section */

/* Begin PBXTargetDependency section */
		506BDABA1CABB0C800FB61BD /* PBXTargetDependency */ = {
			isa = PBXTargetDependency;
			target = 506BDAA21CABB0C700FB61BD /* GraphicsShadows */;
			targetProxy = 506BDAB91CABB0C800FB61BD /* PBXContainerItemProxy */;
		};
/* End PBXTargetDependency section */

/* Begin PBXVariantGroup section */
		506BDAAC1CABB0C800FB61BD /* Main.storyboard */ = {
			isa = PBXVariantGroup;
			children = (
				506BDAAD1CABB0C800FB61BD /* Base */,
			);
			name = Main.storyboard;
			sourceTree = "<group>";
		};
		506BDAB11CABB0C800FB61BD /* LaunchScreen.xib */ = {
			isa = PBXVariantGroup;
			children = (
				506BDAB21CABB0C800FB61BD /* Base */,
			);
			name = LaunchScreen.xib;
			sourceTree = "<group>";
		};
/* End PBXVariantGroup section */

/* Begin XCBuildConfiguration section */
		506BDAC01CABB0C800FB61BD /* Debug */ = {
			isa = XCBuildConfiguration;
			buildSettings = {
				ALWAYS_SEARCH_USER_PATHS = NO;
				CLANG_CXX_LANGUAGE_STANDARD = "gnu++0x";
				CLANG_CXX_LIBRARY = "libc++";
				CLANG_ENABLE_MODULES = YES;
				CLANG_ENABLE_OBJC_ARC = YES;
				CLANG_WARN_BOOL_CONVERSION = YES;
				CLANG_WARN_CONSTANT_CONVERSION = YES;
				CLANG_WARN_DIRECT_OBJC_ISA_USAGE = YES_ERROR;
				CLANG_WARN_EMPTY_BODY = YES;
				CLANG_WARN_ENUM_CONVERSION = YES;
				CLANG_WARN_INT_CONVERSION = YES;
				CLANG_WARN_OBJC_ROOT_CLASS = YES_ERROR;
				CLANG_WARN_UNREACHABLE_CODE = YES;
				CLANG_WARN__DUPLICATE_METHOD_MATCH = YES;
				"CODE_SIGN_IDENTITY[sdk=iphoneos*]" = "iPhone Developer";
				COPY_PHASE_STRIP = NO;
				ENABLE_STRICT_OBJC_MSGSEND = YES;
				GCC_C_LANGUAGE_STANDARD = gnu99;
				GCC_DYNAMIC_NO_PIC = NO;
				GCC_OPTIMIZATION_LEVEL = 0;
				GCC_PREPROCESSOR_DEFINITIONS = (
					"DEBUG=1",
					"$(inherited)",
				);
				GCC_SYMBOLS_PRIVATE_EXTERN = NO;
				GCC_WARN_64_TO_32_BIT_CONVERSION = YES;
				GCC_WARN_ABOUT_RETURN_TYPE = YES_ERROR;
				GCC_WARN_UNDECLARED_SELECTOR = YES;
				GCC_WARN_UNINITIALIZED_AUTOS = YES_AGGRESSIVE;
				GCC_WARN_UNUSED_FUNCTION = YES;
				GCC_WARN_UNUSED_VARIABLE = YES;
				IPHONEOS_DEPLOYMENT_TARGET = 8.1;
				MTL_ENABLE_DEBUG_INFO = YES;
				ONLY_ACTIVE_ARCH = YES;
				SDKROOT = iphoneos;
				SWIFT_OPTIMIZATION_LEVEL = "-Onone";
			};
			name = Debug;
		};
		506BDAC11CABB0C800FB61BD /* Release */ = {
			isa = XCBuildConfiguration;
			buildSettings = {
				ALWAYS_SEARCH_USER_PATHS = NO;
				CLANG_CXX_LANGUAGE_STANDARD = "gnu++0x";
				CLANG_CXX_LIBRARY = "libc++";
				CLANG_ENABLE_MODULES = YES;
				CLANG_ENABLE_OBJC_ARC = YES;
				CLANG_WARN_BOOL_CONVERSION = YES;
				CLANG_WARN_CONSTANT_CONVERSION = YES;
				CLANG_WARN_DIRECT_OBJC_ISA_USAGE = YES_ERROR;
				CLANG_WARN_EMPTY_BODY = YES;
				CLANG_WARN_ENUM_CONVERSION = YES;
				CLANG_WARN_INT_CONVERSION = YES;
				CLANG_WARN_OBJC_ROOT_CLASS = YES_ERROR;
				CLANG_WARN_UNREACHABLE_CODE = YES;
				CLANG_WARN__DUPLICATE_METHOD_MATCH = YES;
				"CODE_SIGN_IDENTITY[sdk=iphoneos*]" = "iPhone Developer";
				COPY_PHASE_STRIP = YES;
				ENABLE_NS_ASSERTIONS = NO;
				ENABLE_STRICT_OBJC_MSGSEND = YES;
				GCC_C_LANGUAGE_STANDARD = gnu99;
				GCC_WARN_64_TO_32_BIT_CONVERSION = YES;
				GCC_WARN_ABOUT_RETURN_TYPE = YES_ERROR;
				GCC_WARN_UNDECLARED_SELECTOR = YES;
				GCC_WARN_UNINITIALIZED_AUTOS = YES_AGGRESSIVE;
				GCC_WARN_UNUSED_FUNCTION = YES;
				GCC_WARN_UNUSED_VARIABLE = YES;
				IPHONEOS_DEPLOYMENT_TARGET = 8.1;
				MTL_ENABLE_DEBUG_INFO = NO;
				SDKROOT = iphoneos;
				VALIDATE_PRODUCT = YES;
			};
			name = Release;
		};
		506BDAC31CABB0C800FB61BD /* Debug */ = {
			isa = XCBuildConfiguration;
			buildSettings = {
				ASSETCATALOG_COMPILER_APPICON_NAME = AppIcon;
				INFOPLIST_FILE = GraphicsShadows/Info.plist;
				LD_RUNPATH_SEARCH_PATHS = "$(inherited) @executable_path/Frameworks";
				PRODUCT_NAME = "$(TARGET_NAME)";
			};
			name = Debug;
		};
		506BDAC41CABB0C800FB61BD /* Release */ = {
			isa = XCBuildConfiguration;
			buildSettings = {
				ASSETCATALOG_COMPILER_APPICON_NAME = AppIcon;
				INFOPLIST_FILE = GraphicsShadows/Info.plist;
				LD_RUNPATH_SEARCH_PATHS = "$(inherited) @executable_path/Frameworks";
				PRODUCT_NAME = "$(TARGET_NAME)";
			};
			name = Release;
		};
		506BDAC61CABB0C800FB61BD /* Debug */ = {
			isa = XCBuildConfiguration;
			buildSettings = {
				BUNDLE_LOADER = "$(TEST_HOST)";
				FRAMEWORK_SEARCH_PATHS = (
					"$(SDKROOT)/Developer/Library/Frameworks",
					"$(inherited)",
				);
				GCC_PREPROCESSOR_DEFINITIONS = (
					"DEBUG=1",
					"$(inherited)",
				);
				INFOPLIST_FILE = GraphicsShadowsTests/Info.plist;
				LD_RUNPATH_SEARCH_PATHS = "$(inherited) @executable_path/Frameworks @loader_path/Frameworks";
				PRODUCT_NAME = "$(TARGET_NAME)";
				TEST_HOST = "$(BUILT_PRODUCTS_DIR)/GraphicsShadows.app/GraphicsShadows";
			};
			name = Debug;
		};
		506BDAC71CABB0C800FB61BD /* Release */ = {
			isa = XCBuildConfiguration;
			buildSettings = {
				BUNDLE_LOADER = "$(TEST_HOST)";
				FRAMEWORK_SEARCH_PATHS = (
					"$(SDKROOT)/Developer/Library/Frameworks",
					"$(inherited)",
				);
				INFOPLIST_FILE = GraphicsShadowsTests/Info.plist;
				LD_RUNPATH_SEARCH_PATHS = "$(inherited) @executable_path/Frameworks @loader_path/Frameworks";
				PRODUCT_NAME = "$(TARGET_NAME)";
				TEST_HOST = "$(BUILT_PRODUCTS_DIR)/GraphicsShadows.app/GraphicsShadows";
			};
			name = Release;
		};
/* End XCBuildConfiguration section */

/* Begin XCConfigurationList section */
		506BDA9E1CABB0C700FB61BD /* Build configuration list for PBXProject "GraphicsShadows" */ = {
			isa = XCConfigurationList;
			buildConfigurations = (
				506BDAC01CABB0C800FB61BD /* Debug */,
				506BDAC11CABB0C800FB61BD /* Release */,
			);
			defaultConfigurationIsVisible = 0;
			defaultConfigurationName = Release;
		};
		506BDAC21CABB0C800FB61BD /* Build configuration list for PBXNativeTarget "GraphicsShadows" */ = {
			isa = XCConfigurationList;
			buildConfigurations = (
				506BDAC31CABB0C800FB61BD /* Debug */,
				506BDAC41CABB0C800FB61BD /* Release */,
			);
			defaultConfigurationIsVisible = 0;
			defaultConfigurationName = Release;
		};
		506BDAC51CABB0C800FB61BD /* Build configuration list for PBXNativeTarget "GraphicsShadowsTests" */ = {
			isa = XCConfigurationList;
			buildConfigurations = (
				506BDAC61CABB0C800FB61BD /* Debug */,
				506BDAC71CABB0C800FB61BD /* Release */,
			);
			defaultConfigurationIsVisible = 0;
			defaultConfigurationName = Release;
		};
/* End XCConfigurationList section */
	};
	rootObject = 506BDA9B1CABB0C600FB61BD /* Project object */;
}
